
Microsoft Visual Studio Solution File, Format Version 12.00
# Visual Studio Version 17
VisualStudioVersion = 17.5.33627.172
MinimumVisualStudioVersion = 10.0.40219.1
Project("{FAE04EC0-301F-11D3-BF4B-00C04F79EFBC}") = "yeto", "yeto.csproj", "{265C5154-2786-4E27-B244-58B6C3CE7CA8}"
EndProject
Global
	GlobalSection(SolutionConfigurationPlatforms) = preSolution
		Debug|Any CPU = Debug|Any CPU
		Release|Any CPU = Release|Any CPU
	EndGlobalSection
	GlobalSection(ProjectConfigurationPlatforms) = postSolution
		{265C5154-2786-4E27-B244-58B6C3CE7CA8}.Debug|Any CPU.ActiveCfg = Debug|Any CPU
		{265C5154-2786-4E27-B244-58B6C3CE7CA8}.Debug|Any CPU.Build.0 = Debug|Any CPU
		{265C5154-2786-4E27-B244-58B6C3CE7CA8}.Release|Any CPU.ActiveCfg = Release|Any CPU
		{265C5154-2786-4E27-B244-58B6C3CE7CA8}.Release|Any CPU.Build.0 = Release|Any CPU
	EndGlobalSection
	GlobalSection(SolutionProperties) = preSolution
		HideSolutionNode = FALSE
	EndGlobalSection
	GlobalSection(ExtensibilityGlobals) = postSolution
		SolutionGuid = {BFC8C203-78EB-43BA-9E66-4117AC19CB6A}
	EndGlobalSection
EndGlobal
